{
  "nodes": {
    "nixpkgs": {
      "locked": {
        "lastModified": 1738142207,
        "narHash": "sha256-NGqpVVxNAHwIicXpgaVqJEJWeyqzoQJ9oc8lnK9+WC4=",
        "owner": "nixos",
        "repo": "nixpkgs",
        "rev": "9d3ae807ebd2981d593cddd0080856873139aa40",
        "type": "github"
      },
      "original": {
        "owner": "nixos",
        "ref": "nixos-unstable",
        "repo": "nixpkgs",
        "type": "github"
      }
    },
    "nixpkgs_2": {
      "locked": {
        "lastModified": 1733097829,
        "narHash": "sha256-9hbb1rqGelllb4kVUCZ307G2k3/UhmA8PPGBoyuWaSw=",
        "owner": "nixos",
        "repo": "nixpkgs",
        "rev": "2c15aa59df0017ca140d9ba302412298ab4bf22a",
        "type": "github"
      },
      "original": {
        "owner": "nixos",
        "ref": "nixpkgs-unstable",
        "repo": "nixpkgs",
        "type": "github"
      }
    },
    "nixpkgs_3": {
      "locked": {
        "lastModified": 1735554305,
        "narHash": "sha256-zExSA1i/b+1NMRhGGLtNfFGXgLtgo+dcuzHzaWA6w3Q=",
        "owner": "nixos",
        "repo": "nixpkgs",
        "rev": "0e82ab234249d8eee3e8c91437802b32c74bb3fd",
        "type": "github"
      },
      "original": {
        "owner": "nixos",
        "ref": "nixpkgs-unstable",
        "repo": "nixpkgs",
        "type": "github"
      }
    },
    "project-utils": {
      "inputs": {
        "nixpkgs": [
          "nixpkgs"
        ],
        "treefmt-nix": "treefmt-nix"
      },
      "locked": {
        "lastModified": 1737346973,
        "narHash": "sha256-zq5RpZaTZFp90zvhQmL9/pHai9uUIbdvxGu3HwWyR28=",
        "owner": "aabccd021",
        "repo": "project-utils",
        "rev": "2b88a9411bbfd8768aa16766f07e3f7262ee4397",
        "type": "github"
      },
      "original": {
        "owner": "aabccd021",
        "repo": "project-utils",
        "type": "github"
      }
    },
    "root": {
      "inputs": {
        "nixpkgs": "nixpkgs",
        "project-utils": "project-utils",
        "treefmt-nix": "treefmt-nix_2"
      }
    },
    "treefmt-nix": {
      "inputs": {
        "nixpkgs": "nixpkgs_2"
      },
      "locked": {
        "lastModified": 1734704479,
        "narHash": "sha256-MMi74+WckoyEWBRcg/oaGRvXC9BVVxDZNRMpL+72wBI=",
        "owner": "numtide",
        "repo": "treefmt-nix",
        "rev": "65712f5af67234dad91a5a4baee986a8b62dbf8f",
        "type": "github"
      },
      "original": {
        "owner": "numtide",
        "repo": "treefmt-nix",
        "type": "github"
      }
    },
    "treefmt-nix_2": {
      "inputs": {
        "nixpkgs": "nixpkgs_3"
      },
      "locked": {
        "lastModified": 1738070913,
        "narHash": "sha256-j6jC12vCFsTGDmY2u1H12lMr62fnclNjuCtAdF1a4Nk=",
        "owner": "numtide",
        "repo": "treefmt-nix",
        "rev": "bebf27d00f7d10ba75332a0541ac43676985dea3",
        "type": "github"
      },
      "original": {
        "owner": "numtide",
        "repo": "treefmt-nix",
        "type": "github"
      }
    }
  },
  "root": "root",
  "version": 7
}
